
Microsoft Visual Studio Solution File, Format Version 12.00
# Visual Studio Version 17
VisualStudioVersion = 17.11.35303.130
MinimumVisualStudioVersion = 10.0.40219.1
Project("{FAE04EC0-301F-11D3-BF4B-00C04F79EFBC}") = "probs", "probs\probs.csproj", "{88D17EB4-8E88-4D2F-8A47-E9D94271F7E7}"
EndProject
Global
	GlobalSection(SolutionConfigurationPlatforms) = preSolution
		Debug|Any CPU = Debug|Any CPU
		Release|Any CPU = Release|Any CPU
	EndGlobalSection
	GlobalSection(ProjectConfigurationPlatforms) = postSolution
		{88D17EB4-8E88-4D2F-8A47-E9D94271F7E7}.Debug|Any CPU.ActiveCfg = Debug|Any CPU
		{88D17EB4-8E88-4D2F-8A47-E9D94271F7E7}.Debug|Any CPU.Build.0 = Debug|Any CPU
		{88D17EB4-8E88-4D2F-8A47-E9D94271F7E7}.Release|Any CPU.ActiveCfg = Release|Any CPU
		{88D17EB4-8E88-4D2F-8A47-E9D94271F7E7}.Release|Any CPU.Build.0 = Release|Any CPU
	EndGlobalSection
	GlobalSection(SolutionProperties) = preSolution
		HideSolutionNode = FALSE
	EndGlobalSection
	GlobalSection(ExtensibilityGlobals) = postSolution
		SolutionGuid = {10F50D31-0252-467F-8095-1E1DE129D03A}
	EndGlobalSection
EndGlobal
