
Microsoft Visual Studio Solution File, Format Version 12.00
# Visual Studio Version 17
VisualStudioVersion = 17.11.35222.181
MinimumVisualStudioVersion = 10.0.40219.1
Project("{9A19103F-16F7-4668-BE54-9A1E7A4F7556}") = "openproject", "openproject\openproject.csproj", "{F1080EC5-59DF-459B-806E-7A78398A89CA}"
EndProject
Project("{9A19103F-16F7-4668-BE54-9A1E7A4F7556}") = "testing", "testing\testing.csproj", "{31B044A0-0AE3-4758-992E-0EE0236FCFE0}"
EndProject
Project("{FAE04EC0-301F-11D3-BF4B-00C04F79EFBC}") = "ConsoleApp1", "ConsoleApp1\ConsoleApp1.csproj", "{B44A7948-5795-4450-B94F-E34C74DD930F}"
EndProject
Global
	GlobalSection(SolutionConfigurationPlatforms) = preSolution
		Debug|Any CPU = Debug|Any CPU
		Release|Any CPU = Release|Any CPU
	EndGlobalSection
	GlobalSection(ProjectConfigurationPlatforms) = postSolution
		{F1080EC5-59DF-459B-806E-7A78398A89CA}.Debug|Any CPU.ActiveCfg = Debug|Any CPU
		{F1080EC5-59DF-459B-806E-7A78398A89CA}.Debug|Any CPU.Build.0 = Debug|Any CPU
		{F1080EC5-59DF-459B-806E-7A78398A89CA}.Release|Any CPU.ActiveCfg = Release|Any CPU
		{F1080EC5-59DF-459B-806E-7A78398A89CA}.Release|Any CPU.Build.0 = Release|Any CPU
		{31B044A0-0AE3-4758-992E-0EE0236FCFE0}.Debug|Any CPU.ActiveCfg = Debug|Any CPU
		{31B044A0-0AE3-4758-992E-0EE0236FCFE0}.Debug|Any CPU.Build.0 = Debug|Any CPU
		{31B044A0-0AE3-4758-992E-0EE0236FCFE0}.Release|Any CPU.ActiveCfg = Release|Any CPU
		{31B044A0-0AE3-4758-992E-0EE0236FCFE0}.Release|Any CPU.Build.0 = Release|Any CPU
		{B44A7948-5795-4450-B94F-E34C74DD930F}.Debug|Any CPU.ActiveCfg = Debug|Any CPU
		{B44A7948-5795-4450-B94F-E34C74DD930F}.Debug|Any CPU.Build.0 = Debug|Any CPU
		{B44A7948-5795-4450-B94F-E34C74DD930F}.Release|Any CPU.ActiveCfg = Release|Any CPU
		{B44A7948-5795-4450-B94F-E34C74DD930F}.Release|Any CPU.Build.0 = Release|Any CPU
	EndGlobalSection
	GlobalSection(SolutionProperties) = preSolution
		HideSolutionNode = FALSE
	EndGlobalSection
	GlobalSection(ExtensibilityGlobals) = postSolution
		SolutionGuid = {2E51EDF1-19A1-4856-8C2B-EC9E52D3E859}
	EndGlobalSection
EndGlobal
